
Microsoft Visual Studio Solution File, Format Version 12.00
# Visual Studio Version 17
VisualStudioVersion = 17.8.34511.84
MinimumVisualStudioVersion = 10.0.40219.1
Project("{FAE04EC0-301F-11D3-BF4B-00C04F79EFBC}") = "calculadora_rapida", "calculadora_rapida\calculadora_rapida.csproj", "{3EAEC345-A25C-4172-8AA1-4E7ECFB2BFE5}"
EndProject
Global
	GlobalSection(SolutionConfigurationPlatforms) = preSolution
		Debug|Any CPU = Debug|Any CPU
		Release|Any CPU = Release|Any CPU
	EndGlobalSection
	GlobalSection(ProjectConfigurationPlatforms) = postSolution
		{3EAEC345-A25C-4172-8AA1-4E7ECFB2BFE5}.Debug|Any CPU.ActiveCfg = Debug|Any CPU
		{3EAEC345-A25C-4172-8AA1-4E7ECFB2BFE5}.Debug|Any CPU.Build.0 = Debug|Any CPU
		{3EAEC345-A25C-4172-8AA1-4E7ECFB2BFE5}.Release|Any CPU.ActiveCfg = Release|Any CPU
		{3EAEC345-A25C-4172-8AA1-4E7ECFB2BFE5}.Release|Any CPU.Build.0 = Release|Any CPU
	EndGlobalSection
	GlobalSection(SolutionProperties) = preSolution
		HideSolutionNode = FALSE
	EndGlobalSection
	GlobalSection(ExtensibilityGlobals) = postSolution
		SolutionGuid = {2DF7DA5D-6A24-405C-A013-BFDCAF73A4A4}
	EndGlobalSection
EndGlobal
